// !$*UTF8*$!
{
	archiveVersion = 1;
	classes = {
	};
	objectVersion = 46;
	objects = {

/* Begin PBXBuildFile section */
		F3B8362E1B3A30D900C6804F /* main.m in Sources */ = {isa = PBXBuildFile; fileRef = F3B8362D1B3A30D900C6804F /* main.m */; };
		F3B836311B3A30D900C6804F /* AppDelegate.m in Sources */ = {isa = PBXBuildFile; fileRef = F3B836301B3A30D900C6804F /* AppDelegate.m */; };
		F3B836341B3A30D900C6804F /* ViewController.m in Sources */ = {isa = PBXBuildFile; fileRef = F3B836331B3A30D900C6804F /* ViewController.m */; };
		F3B836371B3A30D900C6804F /* Main.storyboard in Resources */ = {isa = PBXBuildFile; fileRef = F3B836351B3A30D900C6804F /* Main.storyboard */; };
		F3B836391B3A30D900C6804F /* Images.xcassets in Resources */ = {isa = PBXBuildFile; fileRef = F3B836381B3A30D900C6804F /* Images.xcassets */; };
		F3B8363C1B3A30D900C6804F /* LaunchScreen.xib in Resources */ = {isa = PBXBuildFile; fileRef = F3B8363A1B3A30D900C6804F /* LaunchScreen.xib */; };
		F3B836481B3A30D900C6804F /* PGAppRunnerTests.m in Sources */ = {isa = PBXBuildFile; fileRef = F3B836471B3A30D900C6804F /* PGAppRunnerTests.m */; };
/* End PBXBuildFile section */

/* Begin PBXContainerItemProxy section */
		F3B836421B3A30D900C6804F /* PBXContainerItemProxy */ = {
			isa = PBXContainerItemProxy;
			containerPortal = F3B836201B3A30D900C6804F /* Project object */;
			proxyType = 1;
			remoteGlobalIDString = F3B836271B3A30D900C6804F;
			remoteInfo = PGAppRunner;
		};
/* End PBXContainerItemProxy section */

/* Begin PBXFileReference section */
		F3B836281B3A30D900C6804F /* PGAppRunner.app */ = {isa = PBXFileReference; explicitFileType = wrapper.application; includeInIndex = 0; path = PGAppRunner.app; sourceTree = BUILT_PRODUCTS_DIR; };
		F3B8362C1B3A30D900C6804F /* Info.plist */ = {isa = PBXFileReference; lastKnownFileType = text.plist.xml; path = Info.plist; sourceTree = "<group>"; };
		F3B8362D1B3A30D900C6804F /* main.m */ = {isa = PBXFileReference; lastKnownFileType = sourcecode.c.objc; path = main.m; sourceTree = "<group>"; };
		F3B8362F1B3A30D900C6804F /* AppDelegate.h */ = {isa = PBXFileReference; lastKnownFileType = sourcecode.c.h; path = AppDelegate.h; sourceTree = "<group>"; };
		F3B836301B3A30D900C6804F /* AppDelegate.m */ = {isa = PBXFileReference; lastKnownFileType = sourcecode.c.objc; path = AppDelegate.m; sourceTree = "<group>"; };
		F3B836321B3A30D900C6804F /* ViewController.h */ = {isa = PBXFileReference; lastKnownFileType = sourcecode.c.h; path = ViewController.h; sourceTree = "<group>"; };
		F3B836331B3A30D900C6804F /* ViewController.m */ = {isa = PBXFileReference; lastKnownFileType = sourcecode.c.objc; path = ViewController.m; sourceTree = "<group>"; };
		F3B836361B3A30D900C6804F /* Base */ = {isa = PBXFileReference; lastKnownFileType = file.storyboard; name = Base; path = Base.lproj/Main.storyboard; sourceTree = "<group>"; };
		F3B836381B3A30D900C6804F /* Images.xcassets */ = {isa = PBXFileReference; lastKnownFileType = folder.assetcatalog; path = Images.xcassets; sourceTree = "<group>"; };
		F3B8363B1B3A30D900C6804F /* Base */ = {isa = PBXFileReference; lastKnownFileType = file.xib; name = Base; path = Base.lproj/LaunchScreen.xib; sourceTree = "<group>"; };
		F3B836411B3A30D900C6804F /* PGAppRunnerTests.xctest */ = {isa = PBXFileReference; explicitFileType = wrapper.cfbundle; includeInIndex = 0; path = PGAppRunnerTests.xctest; sourceTree = BUILT_PRODUCTS_DIR; };
		F3B836461B3A30D900C6804F /* Info.plist */ = {isa = PBXFileReference; lastKnownFileType = text.plist.xml; path = Info.plist; sourceTree = "<group>"; };
		F3B836471B3A30D900C6804F /* PGAppRunnerTests.m */ = {isa = PBXFileReference; lastKnownFileType = sourcecode.c.objc; path = PGAppRunnerTests.m; sourceTree = "<group>"; };
/* End PBXFileReference section */

/* Begin PBXFrameworksBuildPhase section */
		F3B836251B3A30D900C6804F /* Frameworks */ = {
			isa = PBXFrameworksBuildPhase;
			buildActionMask = 2147483647;
			files = (
			);
			runOnlyForDeploymentPostprocessing = 0;
		};
		F3B8363E1B3A30D900C6804F /* Frameworks */ = {
			isa = PBXFrameworksBuildPhase;
			buildActionMask = 2147483647;
			files = (
			);
			runOnlyForDeploymentPostprocessing = 0;
		};
/* End PBXFrameworksBuildPhase section */

/* Begin PBXGroup section */
		F3B8361F1B3A30D900C6804F = {
			isa = PBXGroup;
			children = (
				F3B8362A1B3A30D900C6804F /* PGAppRunner */,
				F3B836441B3A30D900C6804F /* PGAppRunnerTests */,
				F3B836291B3A30D900C6804F /* Products */,
			);
			sourceTree = "<group>";
		};
		F3B836291B3A30D900C6804F /* Products */ = {
			isa = PBXGroup;
			children = (
				F3B836281B3A30D900C6804F /* PGAppRunner.app */,
				F3B836411B3A30D900C6804F /* PGAppRunnerTests.xctest */,
			);
			name = Products;
			sourceTree = "<group>";
		};
		F3B8362A1B3A30D900C6804F /* PGAppRunner */ = {
			isa = PBXGroup;
			children = (
				F3B8362F1B3A30D900C6804F /* AppDelegate.h */,
				F3B836301B3A30D900C6804F /* AppDelegate.m */,
				F3B836321B3A30D900C6804F /* ViewController.h */,
				F3B836331B3A30D900C6804F /* ViewController.m */,
				F3B836351B3A30D900C6804F /* Main.storyboard */,
				F3B836381B3A30D900C6804F /* Images.xcassets */,
				F3B8363A1B3A30D900C6804F /* LaunchScreen.xib */,
				F3B8362B1B3A30D900C6804F /* Supporting Files */,
			);
			path = PGAppRunner;
			sourceTree = "<group>";
		};
		F3B8362B1B3A30D900C6804F /* Supporting Files */ = {
			isa = PBXGroup;
			children = (
				F3B8362C1B3A30D900C6804F /* Info.plist */,
				F3B8362D1B3A30D900C6804F /* main.m */,
			);
			name = "Supporting Files";
			sourceTree = "<group>";
		};
		F3B836441B3A30D900C6804F /* PGAppRunnerTests */ = {
			isa = PBXGroup;
			children = (
				F3B836471B3A30D900C6804F /* PGAppRunnerTests.m */,
				F3B836451B3A30D900C6804F /* Supporting Files */,
			);
			path = PGAppRunnerTests;
			sourceTree = "<group>";
		};
		F3B836451B3A30D900C6804F /* Supporting Files */ = {
			isa = PBXGroup;
			children = (
				F3B836461B3A30D900C6804F /* Info.plist */,
			);
			name = "Supporting Files";
			sourceTree = "<group>";
		};
/* End PBXGroup section */

/* Begin PBXNativeTarget section */
		F3B836271B3A30D900C6804F /* PGAppRunner */ = {
			isa = PBXNativeTarget;
			buildConfigurationList = F3B8364B1B3A30D900C6804F /* Build configuration list for PBXNativeTarget "PGAppRunner" */;
			buildPhases = (
				F3B836241B3A30D900C6804F /* Sources */,
				F3B836251B3A30D900C6804F /* Frameworks */,
				F3B836261B3A30D900C6804F /* Resources */,
			);
			buildRules = (
			);
			dependencies = (
			);
			name = PGAppRunner;
			productName = PGAppRunner;
			productReference = F3B836281B3A30D900C6804F /* PGAppRunner.app */;
			productType = "com.apple.product-type.application";
		};
		F3B836401B3A30D900C6804F /* PGAppRunnerTests */ = {
			isa = PBXNativeTarget;
			buildConfigurationList = F3B8364E1B3A30D900C6804F /* Build configuration list for PBXNativeTarget "PGAppRunnerTests" */;
			buildPhases = (
				F3B8363D1B3A30D900C6804F /* Sources */,
				F3B8363E1B3A30D900C6804F /* Frameworks */,
				F3B8363F1B3A30D900C6804F /* Resources */,
			);
			buildRules = (
			);
			dependencies = (
				F3B836431B3A30D900C6804F /* PBXTargetDependency */,
			);
			name = PGAppRunnerTests;
			productName = PGAppRunnerTests;
			productReference = F3B836411B3A30D900C6804F /* PGAppRunnerTests.xctest */;
			productType = "com.apple.product-type.bundle.unit-test";
		};
/* End PBXNativeTarget section */

/* Begin PBXProject section */
		F3B836201B3A30D900C6804F /* Project object */ = {
			isa = PBXProject;
			attributes = {
				LastUpgradeCheck = 0630;
				ORGANIZATIONNAME = "Peyman Mortazavi";
				TargetAttributes = {
					F3B836271B3A30D900C6804F = {
						CreatedOnToolsVersion = 6.3.2;
					};
					F3B836401B3A30D900C6804F = {
						CreatedOnToolsVersion = 6.3.2;
						TestTargetID = F3B836271B3A30D900C6804F;
					};
				};
			};
			buildConfigurationList = F3B836231B3A30D900C6804F /* Build configuration list for PBXProject "PGAppRunner" */;
			compatibilityVersion = "Xcode 3.2";
			developmentRegion = English;
			hasScannedForEncodings = 0;
			knownRegions = (
				en,
				Base,
			);
			mainGroup = F3B8361F1B3A30D900C6804F;
			productRefGroup = F3B836291B3A30D900C6804F /* Products */;
			projectDirPath = "";
			projectRoot = "";
			targets = (
				F3B836271B3A30D900C6804F /* PGAppRunner */,
				F3B836401B3A30D900C6804F /* PGAppRunnerTests */,
			);
		};
/* End PBXProject section */

/* Begin PBXResourcesBuildPhase section */
		F3B836261B3A30D900C6804F /* Resources */ = {
			isa = PBXResourcesBuildPhase;
			buildActionMask = 2147483647;
			files = (
				F3B836371B3A30D900C6804F /* Main.storyboard in Resources */,
				F3B8363C1B3A30D900C6804F /* LaunchScreen.xib in Resources */,
				F3B836391B3A30D900C6804F /* Images.xcassets in Resources */,
			);
			runOnlyForDeploymentPostprocessing = 0;
		};
		F3B8363F1B3A30D900C6804F /* Resources */ = {
			isa = PBXResourcesBuildPhase;
			buildActionMask = 2147483647;
			files = (
			);
			runOnlyForDeploymentPostprocessing = 0;
		};
/* End PBXResourcesBuildPhase section */

/* Begin PBXSourcesBuildPhase section */
		F3B836241B3A30D900C6804F /* Sources */ = {
			isa = PBXSourcesBuildPhase;
			buildActionMask = 2147483647;
			files = (
				F3B836341B3A30D900C6804F /* ViewController.m in Sources */,
				F3B836311B3A30D900C6804F /* AppDelegate.m in Sources */,
				F3B8362E1B3A30D900C6804F /* main.m in Sources */,
			);
			runOnlyForDeploymentPostprocessing = 0;
		};
		F3B8363D1B3A30D900C6804F /* Sources */ = {
			isa = PBXSourcesBuildPhase;
			buildActionMask = 2147483647;
			files = (
				F3B836481B3A30D900C6804F /* PGAppRunnerTests.m in Sources */,
			);
			runOnlyForDeploymentPostprocessing = 0;
		};
/* End PBXSourcesBuildPhase section */

/* Begin PBXTargetDependency section */
		F3B836431B3A30D900C6804F /* PBXTargetDependency */ = {
			isa = PBXTargetDependency;
			target = F3B836271B3A30D900C6804F /* PGAppRunner */;
			targetProxy = F3B836421B3A30D900C6804F /* PBXContainerItemProxy */;
		};
/* End PBXTargetDependency section */

/* Begin PBXVariantGroup section */
		F3B836351B3A30D900C6804F /* Main.storyboard */ = {
			isa = PBXVariantGroup;
			children = (
				F3B836361B3A30D900C6804F /* Base */,
			);
			name = Main.storyboard;
			sourceTree = "<group>";
		};
		F3B8363A1B3A30D900C6804F /* LaunchScreen.xib */ = {
			isa = PBXVariantGroup;
			children = (
				F3B8363B1B3A30D900C6804F /* Base */,
			);
			name = LaunchScreen.xib;
			sourceTree = "<group>";
		};
/* End PBXVariantGroup section */

/* Begin XCBuildConfiguration section */
		F3B836491B3A30D900C6804F /* Debug */ = {
			isa = XCBuildConfiguration;
			buildSettings = {
				ALWAYS_SEARCH_USER_PATHS = NO;
				CLANG_CXX_LANGUAGE_STANDARD = "gnu++0x";
				CLANG_CXX_LIBRARY = "libc++";
				CLANG_ENABLE_MODULES = YES;
				CLANG_ENABLE_OBJC_ARC = YES;
				CLANG_WARN_BOOL_CONVERSION = YES;
				CLANG_WARN_CONSTANT_CONVERSION = YES;
				CLANG_WARN_DIRECT_OBJC_ISA_USAGE = YES_ERROR;
				CLANG_WARN_EMPTY_BODY = YES;
				CLANG_WARN_ENUM_CONVERSION = YES;
				CLANG_WARN_INT_CONVERSION = YES;
				CLANG_WARN_OBJC_ROOT_CLASS = YES_ERROR;
				CLANG_WARN_UNREACHABLE_CODE = YES;
				CLANG_WARN__DUPLICATE_METHOD_MATCH = YES;
				"CODE_SIGN_IDENTITY[sdk=iphoneos*]" = "iPhone Developer";
				COPY_PHASE_STRIP = NO;
				DEBUG_INFORMATION_FORMAT = "dwarf-with-dsym";
				ENABLE_STRICT_OBJC_MSGSEND = YES;
				GCC_C_LANGUAGE_STANDARD = gnu99;
				GCC_DYNAMIC_NO_PIC = NO;
				GCC_NO_COMMON_BLOCKS = YES;
				GCC_OPTIMIZATION_LEVEL = 0;
				GCC_PREPROCESSOR_DEFINITIONS = (
					"DEBUG=1",
					"$(inherited)",
				);
				GCC_SYMBOLS_PRIVATE_EXTERN = NO;
				GCC_WARN_64_TO_32_BIT_CONVERSION = YES;
				GCC_WARN_ABOUT_RETURN_TYPE = YES_ERROR;
				GCC_WARN_UNDECLARED_SELECTOR = YES;
				GCC_WARN_UNINITIALIZED_AUTOS = YES_AGGRESSIVE;
				GCC_WARN_UNUSED_FUNCTION = YES;
				GCC_WARN_UNUSED_VARIABLE = YES;
				IPHONEOS_DEPLOYMENT_TARGET = 8.3;
				MTL_ENABLE_DEBUG_INFO = YES;
				ONLY_ACTIVE_ARCH = YES;
				SDKROOT = iphoneos;
				TARGETED_DEVICE_FAMILY = "1,2";
			};
			name = Debug;
		};
		F3B8364A1B3A30D900C6804F /* Release */ = {
			isa = XCBuildConfiguration;
			buildSettings = {
				ALWAYS_SEARCH_USER_PATHS = NO;
				CLANG_CXX_LANGUAGE_STANDARD = "gnu++0x";
				CLANG_CXX_LIBRARY = "libc++";
				CLANG_ENABLE_MODULES = YES;
				CLANG_ENABLE_OBJC_ARC = YES;
				CLANG_WARN_BOOL_CONVERSION = YES;
				CLANG_WARN_CONSTANT_CONVERSION = YES;
				CLANG_WARN_DIRECT_OBJC_ISA_USAGE = YES_ERROR;
				CLANG_WARN_EMPTY_BODY = YES;
				CLANG_WARN_ENUM_CONVERSION = YES;
				CLANG_WARN_INT_CONVERSION = YES;
				CLANG_WARN_OBJC_ROOT_CLASS = YES_ERROR;
				CLANG_WARN_UNREACHABLE_CODE = YES;
				CLANG_WARN__DUPLICATE_METHOD_MATCH = YES;
				"CODE_SIGN_IDENTITY[sdk=iphoneos*]" = "iPhone Developer";
				COPY_PHASE_STRIP = NO;
				DEBUG_INFORMATION_FORMAT = "dwarf-with-dsym";
				ENABLE_NS_ASSERTIONS = NO;
				ENABLE_STRICT_OBJC_MSGSEND = YES;
				GCC_C_LANGUAGE_STANDARD = gnu99;
				GCC_NO_COMMON_BLOCKS = YES;
				GCC_WARN_64_TO_32_BIT_CONVERSION = YES;
				GCC_WARN_ABOUT_RETURN_TYPE = YES_ERROR;
				GCC_WARN_UNDECLARED_SELECTOR = YES;
				GCC_WARN_UNINITIALIZED_AUTOS = YES_AGGRESSIVE;
				GCC_WARN_UNUSED_FUNCTION = YES;
				GCC_WARN_UNUSED_VARIABLE = YES;
				IPHONEOS_DEPLOYMENT_TARGET = 8.3;
				MTL_ENABLE_DEBUG_INFO = NO;
				SDKROOT = iphoneos;
				TARGETED_DEVICE_FAMILY = "1,2";
				VALIDATE_PRODUCT = YES;
			};
			name = Release;
		};
		F3B8364C1B3A30D900C6804F /* Debug */ = {
			isa = XCBuildConfiguration;
			buildSettings = {
				ASSETCATALOG_COMPILER_APPICON_NAME = AppIcon;
				INFOPLIST_FILE = PGAppRunner/Info.plist;
				LD_RUNPATH_SEARCH_PATHS = "$(inherited) @executable_path/Frameworks";
				PRODUCT_NAME = "$(TARGET_NAME)";
			};
			name = Debug;
		};
		F3B8364D1B3A30D900C6804F /* Release */ = {
			isa = XCBuildConfiguration;
			buildSettings = {
				ASSETCATALOG_COMPILER_APPICON_NAME = AppIcon;
				INFOPLIST_FILE = PGAppRunner/Info.plist;
				LD_RUNPATH_SEARCH_PATHS = "$(inherited) @executable_path/Frameworks";
				PRODUCT_NAME = "$(TARGET_NAME)";
			};
			name = Release;
		};
		F3B8364F1B3A30D900C6804F /* Debug */ = {
			isa = XCBuildConfiguration;
			buildSettings = {
				BUNDLE_LOADER = "$(TEST_HOST)";
				FRAMEWORK_SEARCH_PATHS = (
					"$(SDKROOT)/Developer/Library/Frameworks",
					"$(inherited)",
				);
				GCC_PREPROCESSOR_DEFINITIONS = (
					"DEBUG=1",
					"$(inherited)",
				);
				INFOPLIST_FILE = PGAppRunnerTests/Info.plist;
				LD_RUNPATH_SEARCH_PATHS = "$(inherited) @executable_path/Frameworks @loader_path/Frameworks";
				PRODUCT_NAME = "$(TARGET_NAME)";
				TEST_HOST = "$(BUILT_PRODUCTS_DIR)/PGAppRunner.app/PGAppRunner";
			};
			name = Debug;
		};
		F3B836501B3A30D900C6804F /* Release */ = {
			isa = XCBuildConfiguration;
			buildSettings = {
				BUNDLE_LOADER = "$(TEST_HOST)";
				FRAMEWORK_SEARCH_PATHS = (
					"$(SDKROOT)/Developer/Library/Frameworks",
					"$(inherited)",
				);
				INFOPLIST_FILE = PGAppRunnerTests/Info.plist;
				LD_RUNPATH_SEARCH_PATHS = "$(inherited) @executable_path/Frameworks @loader_path/Frameworks";
				PRODUCT_NAME = "$(TARGET_NAME)";
				TEST_HOST = "$(BUILT_PRODUCTS_DIR)/PGAppRunner.app/PGAppRunner";
			};
			name = Release;
		};
/* End XCBuildConfiguration section */

/* Begin XCConfigurationList section */
		F3B836231B3A30D900C6804F /* Build configuration list for PBXProject "PGAppRunner" */ = {
			isa = XCConfigurationList;
			buildConfigurations = (
				F3B836491B3A30D900C6804F /* Debug */,
				F3B8364A1B3A30D900C6804F /* Release */,
			);
			defaultConfigurationIsVisible = 0;
			defaultConfigurationName = Release;
		};
		F3B8364B1B3A30D900C6804F /* Build configuration list for PBXNativeTarget "PGAppRunner" */ = {
			isa = XCConfigurationList;
			buildConfigurations = (
				F3B8364C1B3A30D900C6804F /* Debug */,
				F3B8364D1B3A30D900C6804F /* Release */,
			);
			defaultConfigurationIsVisible = 0;
		};
		F3B8364E1B3A30D900C6804F /* Build configuration list for PBXNativeTarget "PGAppRunnerTests" */ = {
			isa = XCConfigurationList;
			buildConfigurations = (
				F3B8364F1B3A30D900C6804F /* Debug */,
				F3B836501B3A30D900C6804F /* Release */,
			);
			defaultConfigurationIsVisible = 0;
		};
/* End XCConfigurationList section */
	};
	rootObject = F3B836201B3A30D900C6804F /* Project object */;
}
