// !$*UTF8*$!
{
	archiveVersion = 1;
	classes = {
	};
	objectVersion = 46;
	objects = {

/* Begin PBXBuildFile section */
		F3482F771B3A33E40046EC9B /* main.m in Sources */ = {isa = PBXBuildFile; fileRef = F3482F761B3A33E40046EC9B /* main.m */; };
		F3482F7A1B3A33E40046EC9B /* AppDelegate.m in Sources */ = {isa = PBXBuildFile; fileRef = F3482F791B3A33E40046EC9B /* AppDelegate.m */; };
		F3482F7D1B3A33E40046EC9B /* ViewController.m in Sources */ = {isa = PBXBuildFile; fileRef = F3482F7C1B3A33E40046EC9B /* ViewController.m */; };
		F3482F801B3A33E40046EC9B /* Main.storyboard in Resources */ = {isa = PBXBuildFile; fileRef = F3482F7E1B3A33E40046EC9B /* Main.storyboard */; };
		F3482F821B3A33E40046EC9B /* Images.xcassets in Resources */ = {isa = PBXBuildFile; fileRef = F3482F811B3A33E40046EC9B /* Images.xcassets */; };
		F3482F851B3A33E40046EC9B /* LaunchScreen.xib in Resources */ = {isa = PBXBuildFile; fileRef = F3482F831B3A33E40046EC9B /* LaunchScreen.xib */; };
		F3482F911B3A33E40046EC9B /* PGAppRunnerTests.m in Sources */ = {isa = PBXBuildFile; fileRef = F3482F901B3A33E40046EC9B /* PGAppRunnerTests.m */; };
/* End PBXBuildFile section */

/* Begin PBXContainerItemProxy section */
		F3482F8B1B3A33E40046EC9B /* PBXContainerItemProxy */ = {
			isa = PBXContainerItemProxy;
			containerPortal = F3482F691B3A33E40046EC9B /* Project object */;
			proxyType = 1;
			remoteGlobalIDString = F3482F701B3A33E40046EC9B;
			remoteInfo = PGAppRunner;
		};
/* End PBXContainerItemProxy section */

/* Begin PBXFileReference section */
		F3482F711B3A33E40046EC9B /* PGAppRunner.app */ = {isa = PBXFileReference; explicitFileType = wrapper.application; includeInIndex = 0; path = PGAppRunner.app; sourceTree = BUILT_PRODUCTS_DIR; };
		F3482F751B3A33E40046EC9B /* Info.plist */ = {isa = PBXFileReference; lastKnownFileType = text.plist.xml; path = Info.plist; sourceTree = "<group>"; };
		F3482F761B3A33E40046EC9B /* main.m */ = {isa = PBXFileReference; lastKnownFileType = sourcecode.c.objc; path = main.m; sourceTree = "<group>"; };
		F3482F781B3A33E40046EC9B /* AppDelegate.h */ = {isa = PBXFileReference; lastKnownFileType = sourcecode.c.h; path = AppDelegate.h; sourceTree = "<group>"; };
		F3482F791B3A33E40046EC9B /* AppDelegate.m */ = {isa = PBXFileReference; lastKnownFileType = sourcecode.c.objc; path = AppDelegate.m; sourceTree = "<group>"; };
		F3482F7B1B3A33E40046EC9B /* ViewController.h */ = {isa = PBXFileReference; lastKnownFileType = sourcecode.c.h; path = ViewController.h; sourceTree = "<group>"; };
		F3482F7C1B3A33E40046EC9B /* ViewController.m */ = {isa = PBXFileReference; lastKnownFileType = sourcecode.c.objc; path = ViewController.m; sourceTree = "<group>"; };
		F3482F7F1B3A33E40046EC9B /* Base */ = {isa = PBXFileReference; lastKnownFileType = file.storyboard; name = Base; path = Base.lproj/Main.storyboard; sourceTree = "<group>"; };
		F3482F811B3A33E40046EC9B /* Images.xcassets */ = {isa = PBXFileReference; lastKnownFileType = folder.assetcatalog; path = Images.xcassets; sourceTree = "<group>"; };
		F3482F841B3A33E40046EC9B /* Base */ = {isa = PBXFileReference; lastKnownFileType = file.xib; name = Base; path = Base.lproj/LaunchScreen.xib; sourceTree = "<group>"; };
		F3482F8A1B3A33E40046EC9B /* PGAppRunnerTests.xctest */ = {isa = PBXFileReference; explicitFileType = wrapper.cfbundle; includeInIndex = 0; path = PGAppRunnerTests.xctest; sourceTree = BUILT_PRODUCTS_DIR; };
		F3482F8F1B3A33E40046EC9B /* Info.plist */ = {isa = PBXFileReference; lastKnownFileType = text.plist.xml; path = Info.plist; sourceTree = "<group>"; };
		F3482F901B3A33E40046EC9B /* PGAppRunnerTests.m */ = {isa = PBXFileReference; lastKnownFileType = sourcecode.c.objc; path = PGAppRunnerTests.m; sourceTree = "<group>"; };
/* End PBXFileReference section */

/* Begin PBXFrameworksBuildPhase section */
		F3482F6E1B3A33E40046EC9B /* Frameworks */ = {
			isa = PBXFrameworksBuildPhase;
			buildActionMask = 2147483647;
			files = (
			);
			runOnlyForDeploymentPostprocessing = 0;
		};
		F3482F871B3A33E40046EC9B /* Frameworks */ = {
			isa = PBXFrameworksBuildPhase;
			buildActionMask = 2147483647;
			files = (
			);
			runOnlyForDeploymentPostprocessing = 0;
		};
/* End PBXFrameworksBuildPhase section */

/* Begin PBXGroup section */
		F3482F681B3A33E40046EC9B = {
			isa = PBXGroup;
			children = (
				F3482F731B3A33E40046EC9B /* PGAppRunner */,
				F3482F8D1B3A33E40046EC9B /* PGAppRunnerTests */,
				F3482F721B3A33E40046EC9B /* Products */,
			);
			sourceTree = "<group>";
		};
		F3482F721B3A33E40046EC9B /* Products */ = {
			isa = PBXGroup;
			children = (
				F3482F711B3A33E40046EC9B /* PGAppRunner.app */,
				F3482F8A1B3A33E40046EC9B /* PGAppRunnerTests.xctest */,
			);
			name = Products;
			sourceTree = "<group>";
		};
		F3482F731B3A33E40046EC9B /* PGAppRunner */ = {
			isa = PBXGroup;
			children = (
				F3482F781B3A33E40046EC9B /* AppDelegate.h */,
				F3482F791B3A33E40046EC9B /* AppDelegate.m */,
				F3482F7B1B3A33E40046EC9B /* ViewController.h */,
				F3482F7C1B3A33E40046EC9B /* ViewController.m */,
				F3482F7E1B3A33E40046EC9B /* Main.storyboard */,
				F3482F811B3A33E40046EC9B /* Images.xcassets */,
				F3482F831B3A33E40046EC9B /* LaunchScreen.xib */,
				F3482F741B3A33E40046EC9B /* Supporting Files */,
			);
			path = PGAppRunner;
			sourceTree = "<group>";
		};
		F3482F741B3A33E40046EC9B /* Supporting Files */ = {
			isa = PBXGroup;
			children = (
				F3482F751B3A33E40046EC9B /* Info.plist */,
				F3482F761B3A33E40046EC9B /* main.m */,
			);
			name = "Supporting Files";
			sourceTree = "<group>";
		};
		F3482F8D1B3A33E40046EC9B /* PGAppRunnerTests */ = {
			isa = PBXGroup;
			children = (
				F3482F901B3A33E40046EC9B /* PGAppRunnerTests.m */,
				F3482F8E1B3A33E40046EC9B /* Supporting Files */,
			);
			path = PGAppRunnerTests;
			sourceTree = "<group>";
		};
		F3482F8E1B3A33E40046EC9B /* Supporting Files */ = {
			isa = PBXGroup;
			children = (
				F3482F8F1B3A33E40046EC9B /* Info.plist */,
			);
			name = "Supporting Files";
			sourceTree = "<group>";
		};
/* End PBXGroup section */

/* Begin PBXNativeTarget section */
		F3482F701B3A33E40046EC9B /* PGAppRunner */ = {
			isa = PBXNativeTarget;
			buildConfigurationList = F3482F941B3A33E40046EC9B /* Build configuration list for PBXNativeTarget "PGAppRunner" */;
			buildPhases = (
				F3482F6D1B3A33E40046EC9B /* Sources */,
				F3482F6E1B3A33E40046EC9B /* Frameworks */,
				F3482F6F1B3A33E40046EC9B /* Resources */,
			);
			buildRules = (
			);
			dependencies = (
			);
			name = PGAppRunner;
			productName = PGAppRunner;
			productReference = F3482F711B3A33E40046EC9B /* PGAppRunner.app */;
			productType = "com.apple.product-type.application";
		};
		F3482F891B3A33E40046EC9B /* PGAppRunnerTests */ = {
			isa = PBXNativeTarget;
			buildConfigurationList = F3482F971B3A33E40046EC9B /* Build configuration list for PBXNativeTarget "PGAppRunnerTests" */;
			buildPhases = (
				F3482F861B3A33E40046EC9B /* Sources */,
				F3482F871B3A33E40046EC9B /* Frameworks */,
				F3482F881B3A33E40046EC9B /* Resources */,
			);
			buildRules = (
			);
			dependencies = (
				F3482F8C1B3A33E40046EC9B /* PBXTargetDependency */,
			);
			name = PGAppRunnerTests;
			productName = PGAppRunnerTests;
			productReference = F3482F8A1B3A33E40046EC9B /* PGAppRunnerTests.xctest */;
			productType = "com.apple.product-type.bundle.unit-test";
		};
/* End PBXNativeTarget section */

/* Begin PBXProject section */
		F3482F691B3A33E40046EC9B /* Project object */ = {
			isa = PBXProject;
			attributes = {
				LastUpgradeCheck = 0630;
				ORGANIZATIONNAME = "Peyman Mortazavi";
				TargetAttributes = {
					F3482F701B3A33E40046EC9B = {
						CreatedOnToolsVersion = 6.3.2;
					};
					F3482F891B3A33E40046EC9B = {
						CreatedOnToolsVersion = 6.3.2;
						TestTargetID = F3482F701B3A33E40046EC9B;
					};
				};
			};
			buildConfigurationList = F3482F6C1B3A33E40046EC9B /* Build configuration list for PBXProject "PGAppRunner" */;
			compatibilityVersion = "Xcode 3.2";
			developmentRegion = English;
			hasScannedForEncodings = 0;
			knownRegions = (
				en,
				Base,
			);
			mainGroup = F3482F681B3A33E40046EC9B;
			productRefGroup = F3482F721B3A33E40046EC9B /* Products */;
			projectDirPath = "";
			projectRoot = "";
			targets = (
				F3482F701B3A33E40046EC9B /* PGAppRunner */,
				F3482F891B3A33E40046EC9B /* PGAppRunnerTests */,
			);
		};
/* End PBXProject section */

/* Begin PBXResourcesBuildPhase section */
		F3482F6F1B3A33E40046EC9B /* Resources */ = {
			isa = PBXResourcesBuildPhase;
			buildActionMask = 2147483647;
			files = (
				F3482F801B3A33E40046EC9B /* Main.storyboard in Resources */,
				F3482F851B3A33E40046EC9B /* LaunchScreen.xib in Resources */,
				F3482F821B3A33E40046EC9B /* Images.xcassets in Resources */,
			);
			runOnlyForDeploymentPostprocessing = 0;
		};
		F3482F881B3A33E40046EC9B /* Resources */ = {
			isa = PBXResourcesBuildPhase;
			buildActionMask = 2147483647;
			files = (
			);
			runOnlyForDeploymentPostprocessing = 0;
		};
/* End PBXResourcesBuildPhase section */

/* Begin PBXSourcesBuildPhase section */
		F3482F6D1B3A33E40046EC9B /* Sources */ = {
			isa = PBXSourcesBuildPhase;
			buildActionMask = 2147483647;
			files = (
				F3482F7D1B3A33E40046EC9B /* ViewController.m in Sources */,
				F3482F7A1B3A33E40046EC9B /* AppDelegate.m in Sources */,
				F3482F771B3A33E40046EC9B /* main.m in Sources */,
			);
			runOnlyForDeploymentPostprocessing = 0;
		};
		F3482F861B3A33E40046EC9B /* Sources */ = {
			isa = PBXSourcesBuildPhase;
			buildActionMask = 2147483647;
			files = (
				F3482F911B3A33E40046EC9B /* PGAppRunnerTests.m in Sources */,
			);
			runOnlyForDeploymentPostprocessing = 0;
		};
/* End PBXSourcesBuildPhase section */

/* Begin PBXTargetDependency section */
		F3482F8C1B3A33E40046EC9B /* PBXTargetDependency */ = {
			isa = PBXTargetDependency;
			target = F3482F701B3A33E40046EC9B /* PGAppRunner */;
			targetProxy = F3482F8B1B3A33E40046EC9B /* PBXContainerItemProxy */;
		};
/* End PBXTargetDependency section */

/* Begin PBXVariantGroup section */
		F3482F7E1B3A33E40046EC9B /* Main.storyboard */ = {
			isa = PBXVariantGroup;
			children = (
				F3482F7F1B3A33E40046EC9B /* Base */,
			);
			name = Main.storyboard;
			sourceTree = "<group>";
		};
		F3482F831B3A33E40046EC9B /* LaunchScreen.xib */ = {
			isa = PBXVariantGroup;
			children = (
				F3482F841B3A33E40046EC9B /* Base */,
			);
			name = LaunchScreen.xib;
			sourceTree = "<group>";
		};
/* End PBXVariantGroup section */

/* Begin XCBuildConfiguration section */
		F3482F921B3A33E40046EC9B /* Debug */ = {
			isa = XCBuildConfiguration;
			buildSettings = {
				ALWAYS_SEARCH_USER_PATHS = NO;
				CLANG_CXX_LANGUAGE_STANDARD = "gnu++0x";
				CLANG_CXX_LIBRARY = "libc++";
				CLANG_ENABLE_MODULES = YES;
				CLANG_ENABLE_OBJC_ARC = YES;
				CLANG_WARN_BOOL_CONVERSION = YES;
				CLANG_WARN_CONSTANT_CONVERSION = YES;
				CLANG_WARN_DIRECT_OBJC_ISA_USAGE = YES_ERROR;
				CLANG_WARN_EMPTY_BODY = YES;
				CLANG_WARN_ENUM_CONVERSION = YES;
				CLANG_WARN_INT_CONVERSION = YES;
				CLANG_WARN_OBJC_ROOT_CLASS = YES_ERROR;
				CLANG_WARN_UNREACHABLE_CODE = YES;
				CLANG_WARN__DUPLICATE_METHOD_MATCH = YES;
				"CODE_SIGN_IDENTITY[sdk=iphoneos*]" = "iPhone Developer";
				COPY_PHASE_STRIP = NO;
				DEBUG_INFORMATION_FORMAT = "dwarf-with-dsym";
				ENABLE_STRICT_OBJC_MSGSEND = YES;
				GCC_C_LANGUAGE_STANDARD = gnu99;
				GCC_DYNAMIC_NO_PIC = NO;
				GCC_NO_COMMON_BLOCKS = YES;
				GCC_OPTIMIZATION_LEVEL = 0;
				GCC_PREPROCESSOR_DEFINITIONS = (
					"DEBUG=1",
					"$(inherited)",
				);
				GCC_SYMBOLS_PRIVATE_EXTERN = NO;
				GCC_WARN_64_TO_32_BIT_CONVERSION = YES;
				GCC_WARN_ABOUT_RETURN_TYPE = YES_ERROR;
				GCC_WARN_UNDECLARED_SELECTOR = YES;
				GCC_WARN_UNINITIALIZED_AUTOS = YES_AGGRESSIVE;
				GCC_WARN_UNUSED_FUNCTION = YES;
				GCC_WARN_UNUSED_VARIABLE = YES;
				IPHONEOS_DEPLOYMENT_TARGET = 8.3;
				MTL_ENABLE_DEBUG_INFO = YES;
				ONLY_ACTIVE_ARCH = YES;
				SDKROOT = iphoneos;
				TARGETED_DEVICE_FAMILY = "1,2";
			};
			name = Debug;
		};
		F3482F931B3A33E40046EC9B /* Release */ = {
			isa = XCBuildConfiguration;
			buildSettings = {
				ALWAYS_SEARCH_USER_PATHS = NO;
				CLANG_CXX_LANGUAGE_STANDARD = "gnu++0x";
				CLANG_CXX_LIBRARY = "libc++";
				CLANG_ENABLE_MODULES = YES;
				CLANG_ENABLE_OBJC_ARC = YES;
				CLANG_WARN_BOOL_CONVERSION = YES;
				CLANG_WARN_CONSTANT_CONVERSION = YES;
				CLANG_WARN_DIRECT_OBJC_ISA_USAGE = YES_ERROR;
				CLANG_WARN_EMPTY_BODY = YES;
				CLANG_WARN_ENUM_CONVERSION = YES;
				CLANG_WARN_INT_CONVERSION = YES;
				CLANG_WARN_OBJC_ROOT_CLASS = YES_ERROR;
				CLANG_WARN_UNREACHABLE_CODE = YES;
				CLANG_WARN__DUPLICATE_METHOD_MATCH = YES;
				"CODE_SIGN_IDENTITY[sdk=iphoneos*]" = "iPhone Developer";
				COPY_PHASE_STRIP = NO;
				DEBUG_INFORMATION_FORMAT = "dwarf-with-dsym";
				ENABLE_NS_ASSERTIONS = NO;
				ENABLE_STRICT_OBJC_MSGSEND = YES;
				GCC_C_LANGUAGE_STANDARD = gnu99;
				GCC_NO_COMMON_BLOCKS = YES;
				GCC_WARN_64_TO_32_BIT_CONVERSION = YES;
				GCC_WARN_ABOUT_RETURN_TYPE = YES_ERROR;
				GCC_WARN_UNDECLARED_SELECTOR = YES;
				GCC_WARN_UNINITIALIZED_AUTOS = YES_AGGRESSIVE;
				GCC_WARN_UNUSED_FUNCTION = YES;
				GCC_WARN_UNUSED_VARIABLE = YES;
				IPHONEOS_DEPLOYMENT_TARGET = 8.3;
				MTL_ENABLE_DEBUG_INFO = NO;
				SDKROOT = iphoneos;
				TARGETED_DEVICE_FAMILY = "1,2";
				VALIDATE_PRODUCT = YES;
			};
			name = Release;
		};
		F3482F951B3A33E40046EC9B /* Debug */ = {
			isa = XCBuildConfiguration;
			buildSettings = {
				ASSETCATALOG_COMPILER_APPICON_NAME = AppIcon;
				INFOPLIST_FILE = PGAppRunner/Info.plist;
				LD_RUNPATH_SEARCH_PATHS = "$(inherited) @executable_path/Frameworks";
				PRODUCT_NAME = "$(TARGET_NAME)";
			};
			name = Debug;
		};
		F3482F961B3A33E40046EC9B /* Release */ = {
			isa = XCBuildConfiguration;
			buildSettings = {
				ASSETCATALOG_COMPILER_APPICON_NAME = AppIcon;
				INFOPLIST_FILE = PGAppRunner/Info.plist;
				LD_RUNPATH_SEARCH_PATHS = "$(inherited) @executable_path/Frameworks";
				PRODUCT_NAME = "$(TARGET_NAME)";
			};
			name = Release;
		};
		F3482F981B3A33E40046EC9B /* Debug */ = {
			isa = XCBuildConfiguration;
			buildSettings = {
				BUNDLE_LOADER = "$(TEST_HOST)";
				FRAMEWORK_SEARCH_PATHS = (
					"$(SDKROOT)/Developer/Library/Frameworks",
					"$(inherited)",
				);
				GCC_PREPROCESSOR_DEFINITIONS = (
					"DEBUG=1",
					"$(inherited)",
				);
				INFOPLIST_FILE = PGAppRunnerTests/Info.plist;
				LD_RUNPATH_SEARCH_PATHS = "$(inherited) @executable_path/Frameworks @loader_path/Frameworks";
				PRODUCT_NAME = "$(TARGET_NAME)";
				TEST_HOST = "$(BUILT_PRODUCTS_DIR)/PGAppRunner.app/PGAppRunner";
			};
			name = Debug;
		};
		F3482F991B3A33E40046EC9B /* Release */ = {
			isa = XCBuildConfiguration;
			buildSettings = {
				BUNDLE_LOADER = "$(TEST_HOST)";
				FRAMEWORK_SEARCH_PATHS = (
					"$(SDKROOT)/Developer/Library/Frameworks",
					"$(inherited)",
				);
				INFOPLIST_FILE = PGAppRunnerTests/Info.plist;
				LD_RUNPATH_SEARCH_PATHS = "$(inherited) @executable_path/Frameworks @loader_path/Frameworks";
				PRODUCT_NAME = "$(TARGET_NAME)";
				TEST_HOST = "$(BUILT_PRODUCTS_DIR)/PGAppRunner.app/PGAppRunner";
			};
			name = Release;
		};
/* End XCBuildConfiguration section */

/* Begin XCConfigurationList section */
		F3482F6C1B3A33E40046EC9B /* Build configuration list for PBXProject "PGAppRunner" */ = {
			isa = XCConfigurationList;
			buildConfigurations = (
				F3482F921B3A33E40046EC9B /* Debug */,
				F3482F931B3A33E40046EC9B /* Release */,
			);
			defaultConfigurationIsVisible = 0;
			defaultConfigurationName = Release;
		};
		F3482F941B3A33E40046EC9B /* Build configuration list for PBXNativeTarget "PGAppRunner" */ = {
			isa = XCConfigurationList;
			buildConfigurations = (
				F3482F951B3A33E40046EC9B /* Debug */,
				F3482F961B3A33E40046EC9B /* Release */,
			);
			defaultConfigurationIsVisible = 0;
		};
		F3482F971B3A33E40046EC9B /* Build configuration list for PBXNativeTarget "PGAppRunnerTests" */ = {
			isa = XCConfigurationList;
			buildConfigurations = (
				F3482F981B3A33E40046EC9B /* Debug */,
				F3482F991B3A33E40046EC9B /* Release */,
			);
			defaultConfigurationIsVisible = 0;
		};
/* End XCConfigurationList section */
	};
	rootObject = F3482F691B3A33E40046EC9B /* Project object */;
}
